// !$*UTF8*$!
{
	archiveVersion = 1;
	classes = {
	};
	objectVersion = 46;
	objects = {

/* Begin PBXBuildFile section */
		1175E22D1D55106300E79AE3 /* AppDelegate.swift in Sources */ = {isa = PBXBuildFile; fileRef = 1175E22C1D55106300E79AE3 /* AppDelegate.swift */; };
		1175E22F1D55106300E79AE3 /* ViewController.swift in Sources */ = {isa = PBXBuildFile; fileRef = 1175E22E1D55106300E79AE3 /* ViewController.swift */; };
		1175E2321D55106300E79AE3 /* Main.storyboard in Resources */ = {isa = PBXBuildFile; fileRef = 1175E2301D55106300E79AE3 /* Main.storyboard */; };
		1175E2341D55106300E79AE3 /* Assets.xcassets in Resources */ = {isa = PBXBuildFile; fileRef = 1175E2331D55106300E79AE3 /* Assets.xcassets */; };
		1175E2371D55106300E79AE3 /* LaunchScreen.storyboard in Resources */ = {isa = PBXBuildFile; fileRef = 1175E2351D55106300E79AE3 /* LaunchScreen.storyboard */; };
		1175E2411D55168500E79AE3 /* Calculator.swift in Sources */ = {isa = PBXBuildFile; fileRef = 1175E2401D55168500E79AE3 /* Calculator.swift */; };
/* End PBXBuildFile section */

/* Begin PBXFileReference section */
		1175E2291D55106300E79AE3 /* Calculator.app */ = {isa = PBXFileReference; explicitFileType = wrapper.application; includeInIndex = 0; path = Calculator.app; sourceTree = BUILT_PRODUCTS_DIR; };
		1175E22C1D55106300E79AE3 /* AppDelegate.swift */ = {isa = PBXFileReference; lastKnownFileType = sourcecode.swift; path = AppDelegate.swift; sourceTree = "<group>"; };
		1175E22E1D55106300E79AE3 /* ViewController.swift */ = {isa = PBXFileReference; lastKnownFileType = sourcecode.swift; path = ViewController.swift; sourceTree = "<group>"; };
		1175E2311D55106300E79AE3 /* Base */ = {isa = PBXFileReference; lastKnownFileType = file.storyboard; name = Base; path = Base.lproj/Main.storyboard; sourceTree = "<group>"; };
		1175E2331D55106300E79AE3 /* Assets.xcassets */ = {isa = PBXFileReference; lastKnownFileType = folder.assetcatalog; path = Assets.xcassets; sourceTree = "<group>"; };
		1175E2361D55106300E79AE3 /* Base */ = {isa = PBXFileReference; lastKnownFileType = file.storyboard; name = Base; path = Base.lproj/LaunchScreen.storyboard; sourceTree = "<group>"; };
		1175E2381D55106300E79AE3 /* Info.plist */ = {isa = PBXFileReference; lastKnownFileType = text.plist.xml; path = Info.plist; sourceTree = "<group>"; };
		1175E2401D55168500E79AE3 /* Calculator.swift */ = {isa = PBXFileReference; fileEncoding = 4; lastKnownFileType = sourcecode.swift; path = Calculator.swift; sourceTree = "<group>"; };
/* End PBXFileReference section */

/* Begin PBXFrameworksBuildPhase section */
		1175E2261D55106300E79AE3 /* Frameworks */ = {
			isa = PBXFrameworksBuildPhase;
			buildActionMask = 2147483647;
			files = (
			);
			runOnlyForDeploymentPostprocessing = 0;
		};
/* End PBXFrameworksBuildPhase section */

/* Begin PBXGroup section */
		1175E2201D55106300E79AE3 = {
			isa = PBXGroup;
			children = (
				1175E22B1D55106300E79AE3 /* Calculator */,
				1175E22A1D55106300E79AE3 /* Products */,
			);
			sourceTree = "<group>";
		};
		1175E22A1D55106300E79AE3 /* Products */ = {
			isa = PBXGroup;
			children = (
				1175E2291D55106300E79AE3 /* Calculator.app */,
			);
			name = Products;
			sourceTree = "<group>";
		};
		1175E22B1D55106300E79AE3 /* Calculator */ = {
			isa = PBXGroup;
			children = (
				1175E23F1D5510C100E79AE3 /* Supporting */,
				1175E22E1D55106300E79AE3 /* ViewController.swift */,
				1175E2301D55106300E79AE3 /* Main.storyboard */,
				1175E2401D55168500E79AE3 /* Calculator.swift */,
			);
			path = Calculator;
			sourceTree = "<group>";
		};
		1175E23F1D5510C100E79AE3 /* Supporting */ = {
			isa = PBXGroup;
			children = (
				1175E22C1D55106300E79AE3 /* AppDelegate.swift */,
				1175E2331D55106300E79AE3 /* Assets.xcassets */,
				1175E2351D55106300E79AE3 /* LaunchScreen.storyboard */,
				1175E2381D55106300E79AE3 /* Info.plist */,
			);
			name = Supporting;
			sourceTree = "<group>";
		};
/* End PBXGroup section */

/* Begin PBXNativeTarget section */
		1175E2281D55106300E79AE3 /* Calculator */ = {
			isa = PBXNativeTarget;
			buildConfigurationList = 1175E23B1D55106300E79AE3 /* Build configuration list for PBXNativeTarget "Calculator" */;
			buildPhases = (
				1175E2251D55106300E79AE3 /* Sources */,
				1175E2261D55106300E79AE3 /* Frameworks */,
				1175E2271D55106300E79AE3 /* Resources */,
			);
			buildRules = (
			);
			dependencies = (
			);
			name = Calculator;
			productName = Calculator;
			productReference = 1175E2291D55106300E79AE3 /* Calculator.app */;
			productType = "com.apple.product-type.application";
		};
/* End PBXNativeTarget section */

/* Begin PBXProject section */
		1175E2211D55106300E79AE3 /* Project object */ = {
			isa = PBXProject;
			attributes = {
				LastSwiftUpdateCheck = 0730;
				LastUpgradeCheck = 0730;
				ORGANIZATIONNAME = "Ruben Ernst";
				TargetAttributes = {
					1175E2281D55106300E79AE3 = {
						CreatedOnToolsVersion = 7.3.1;
					};
				};
			};
			buildConfigurationList = 1175E2241D55106300E79AE3 /* Build configuration list for PBXProject "Calculator" */;
			compatibilityVersion = "Xcode 3.2";
			developmentRegion = English;
			hasScannedForEncodings = 0;
			knownRegions = (
				en,
				Base,
			);
			mainGroup = 1175E2201D55106300E79AE3;
			productRefGroup = 1175E22A1D55106300E79AE3 /* Products */;
			projectDirPath = "";
			projectRoot = "";
			targets = (
				1175E2281D55106300E79AE3 /* Calculator */,
			);
		};
/* End PBXProject section */

/* Begin PBXResourcesBuildPhase section */
		1175E2271D55106300E79AE3 /* Resources */ = {
			isa = PBXResourcesBuildPhase;
			buildActionMask = 2147483647;
			files = (
				1175E2371D55106300E79AE3 /* LaunchScreen.storyboard in Resources */,
				1175E2341D55106300E79AE3 /* Assets.xcassets in Resources */,
				1175E2321D55106300E79AE3 /* Main.storyboard in Resources */,
			);
			runOnlyForDeploymentPostprocessing = 0;
		};
/* End PBXResourcesBuildPhase section */

/* Begin PBXSourcesBuildPhase section */
		1175E2251D55106300E79AE3 /* Sources */ = {
			isa = PBXSourcesBuildPhase;
			buildActionMask = 2147483647;
			files = (
				1175E22F1D55106300E79AE3 /* ViewController.swift in Sources */,
				1175E22D1D55106300E79AE3 /* AppDelegate.swift in Sources */,
				1175E2411D55168500E79AE3 /* Calculator.swift in Sources */,
			);
			runOnlyForDeploymentPostprocessing = 0;
		};
/* End PBXSourcesBuildPhase section */

/* Begin PBXVariantGroup section */
		1175E2301D55106300E79AE3 /* Main.storyboard */ = {
			isa = PBXVariantGroup;
			children = (
				1175E2311D55106300E79AE3 /* Base */,
			);
			name = Main.storyboard;
			sourceTree = "<group>";
		};
		1175E2351D55106300E79AE3 /* LaunchScreen.storyboard */ = {
			isa = PBXVariantGroup;
			children = (
				1175E2361D55106300E79AE3 /* Base */,
			);
			name = LaunchScreen.storyboard;
			sourceTree = "<group>";
		};
/* End PBXVariantGroup section */

/* Begin XCBuildConfiguration section */
		1175E2391D55106300E79AE3 /* Debug */ = {
			isa = XCBuildConfiguration;
			buildSettings = {
				ALWAYS_SEARCH_USER_PATHS = NO;
				CLANG_ANALYZER_NONNULL = YES;
				CLANG_CXX_LANGUAGE_STANDARD = "gnu++0x";
				CLANG_CXX_LIBRARY = "libc++";
				CLANG_ENABLE_MODULES = YES;
				CLANG_ENABLE_OBJC_ARC = YES;
				CLANG_WARN_BOOL_CONVERSION = YES;
				CLANG_WARN_CONSTANT_CONVERSION = YES;
				CLANG_WARN_DIRECT_OBJC_ISA_USAGE = YES_ERROR;
				CLANG_WARN_EMPTY_BODY = YES;
				CLANG_WARN_ENUM_CONVERSION = YES;
				CLANG_WARN_INT_CONVERSION = YES;
				CLANG_WARN_OBJC_ROOT_CLASS = YES_ERROR;
				CLANG_WARN_UNREACHABLE_CODE = YES;
				CLANG_WARN__DUPLICATE_METHOD_MATCH = YES;
				"CODE_SIGN_IDENTITY[sdk=iphoneos*]" = "iPhone Developer";
				COPY_PHASE_STRIP = NO;
				DEBUG_INFORMATION_FORMAT = dwarf;
				ENABLE_STRICT_OBJC_MSGSEND = YES;
				ENABLE_TESTABILITY = YES;
				GCC_C_LANGUAGE_STANDARD = gnu99;
				GCC_DYNAMIC_NO_PIC = NO;
				GCC_NO_COMMON_BLOCKS = YES;
				GCC_OPTIMIZATION_LEVEL = 0;
				GCC_PREPROCESSOR_DEFINITIONS = (
					"DEBUG=1",
					"$(inherited)",
				);
				GCC_WARN_64_TO_32_BIT_CONVERSION = YES;
				GCC_WARN_ABOUT_RETURN_TYPE = YES_ERROR;
				GCC_WARN_UNDECLARED_SELECTOR = YES;
				GCC_WARN_UNINITIALIZED_AUTOS = YES_AGGRESSIVE;
				GCC_WARN_UNUSED_FUNCTION = YES;
				GCC_WARN_UNUSED_VARIABLE = YES;
				IPHONEOS_DEPLOYMENT_TARGET = 9.3;
				MTL_ENABLE_DEBUG_INFO = YES;
				ONLY_ACTIVE_ARCH = YES;
				SDKROOT = iphoneos;
				SWIFT_OPTIMIZATION_LEVEL = "-Onone";
				TARGETED_DEVICE_FAMILY = "1,2";
			};
			name = Debug;
		};
		1175E23A1D55106300E79AE3 /* Release */ = {
			isa = XCBuildConfiguration;
			buildSettings = {
				ALWAYS_SEARCH_USER_PATHS = NO;
				CLANG_ANALYZER_NONNULL = YES;
				CLANG_CXX_LANGUAGE_STANDARD = "gnu++0x";
				CLANG_CXX_LIBRARY = "libc++";
				CLANG_ENABLE_MODULES = YES;
				CLANG_ENABLE_OBJC_ARC = YES;
				CLANG_WARN_BOOL_CONVERSION = YES;
				CLANG_WARN_CONSTANT_CONVERSION = YES;
				CLANG_WARN_DIRECT_OBJC_ISA_USAGE = YES_ERROR;
				CLANG_WARN_EMPTY_BODY = YES;
				CLANG_WARN_ENUM_CONVERSION = YES;
				CLANG_WARN_INT_CONVERSION = YES;
				CLANG_WARN_OBJC_ROOT_CLASS = YES_ERROR;
				CLANG_WARN_UNREACHABLE_CODE = YES;
				CLANG_WARN__DUPLICATE_METHOD_MATCH = YES;
				"CODE_SIGN_IDENTITY[sdk=iphoneos*]" = "iPhone Developer";
				COPY_PHASE_STRIP = NO;
				DEBUG_INFORMATION_FORMAT = "dwarf-with-dsym";
				ENABLE_NS_ASSERTIONS = NO;
				ENABLE_STRICT_OBJC_MSGSEND = YES;
				GCC_C_LANGUAGE_STANDARD = gnu99;
				GCC_NO_COMMON_BLOCKS = YES;
				GCC_WARN_64_TO_32_BIT_CONVERSION = YES;
				GCC_WARN_ABOUT_RETURN_TYPE = YES_ERROR;
				GCC_WARN_UNDECLARED_SELECTOR = YES;
				GCC_WARN_UNINITIALIZED_AUTOS = YES_AGGRESSIVE;
				GCC_WARN_UNUSED_FUNCTION = YES;
				GCC_WARN_UNUSED_VARIABLE = YES;
				IPHONEOS_DEPLOYMENT_TARGET = 9.3;
				MTL_ENABLE_DEBUG_INFO = NO;
				SDKROOT = iphoneos;
				TARGETED_DEVICE_FAMILY = "1,2";
				VALIDATE_PRODUCT = YES;
			};
			name = Release;
		};
		1175E23C1D55106300E79AE3 /* Debug */ = {
			isa = XCBuildConfiguration;
			buildSettings = {
				ASSETCATALOG_COMPILER_APPICON_NAME = AppIcon;
				INFOPLIST_FILE = Calculator/Info.plist;
				LD_RUNPATH_SEARCH_PATHS = "$(inherited) @executable_path/Frameworks";
				PRODUCT_BUNDLE_IDENTIFIER = nl.rubenernst.Calculator;
				PRODUCT_NAME = "$(TARGET_NAME)";
			};
			name = Debug;
		};
		1175E23D1D55106300E79AE3 /* Release */ = {
			isa = XCBuildConfiguration;
			buildSettings = {
				ASSETCATALOG_COMPILER_APPICON_NAME = AppIcon;
				INFOPLIST_FILE = Calculator/Info.plist;
				LD_RUNPATH_SEARCH_PATHS = "$(inherited) @executable_path/Frameworks";
				PRODUCT_BUNDLE_IDENTIFIER = nl.rubenernst.Calculator;
				PRODUCT_NAME = "$(TARGET_NAME)";
			};
			name = Release;
		};
/* End XCBuildConfiguration section */

/* Begin XCConfigurationList section */
		1175E2241D55106300E79AE3 /* Build configuration list for PBXProject "Calculator" */ = {
			isa = XCConfigurationList;
			buildConfigurations = (
				1175E2391D55106300E79AE3 /* Debug */,
				1175E23A1D55106300E79AE3 /* Release */,
			);
			defaultConfigurationIsVisible = 0;
			defaultConfigurationName = Release;
		};
		1175E23B1D55106300E79AE3 /* Build configuration list for PBXNativeTarget "Calculator" */ = {
			isa = XCConfigurationList;
			buildConfigurations = (
				1175E23C1D55106300E79AE3 /* Debug */,
				1175E23D1D55106300E79AE3 /* Release */,
			);
			defaultConfigurationIsVisible = 0;
		};
/* End XCConfigurationList section */
	};
	rootObject = 1175E2211D55106300E79AE3 /* Project object */;
}
